
Microsoft Visual Studio Solution File, Format Version 12.00
# Visual Studio Version 17
VisualStudioVersion = 17.6.33815.320
MinimumVisualStudioVersion = 10.0.40219.1
Project("{FAE04EC0-301F-11D3-BF4B-00C04F79EFBC}") = "MyVisualCodeAddin", "MyVisualCodeAddin\MyVisualCodeAddin.csproj", "{6B3CE76E-9A04-41F2-BA35-6F40807620FD}"
EndProject
Global
	GlobalSection(SolutionConfigurationPlatforms) = preSolution
		Debug|Any CPU = Debug|Any CPU
		Release|Any CPU = Release|Any CPU
	EndGlobalSection
	GlobalSection(ProjectConfigurationPlatforms) = postSolution
		{6B3CE76E-9A04-41F2-BA35-6F40807620FD}.Debug|Any CPU.ActiveCfg = Debug|Any CPU
		{6B3CE76E-9A04-41F2-BA35-6F40807620FD}.Debug|Any CPU.Build.0 = Debug|Any CPU
		{6B3CE76E-9A04-41F2-BA35-6F40807620FD}.Release|Any CPU.ActiveCfg = Release|Any CPU
		{6B3CE76E-9A04-41F2-BA35-6F40807620FD}.Release|Any CPU.Build.0 = Release|Any CPU
	EndGlobalSection
	GlobalSection(SolutionProperties) = preSolution
		HideSolutionNode = FALSE
	EndGlobalSection
	GlobalSection(ExtensibilityGlobals) = postSolution
		SolutionGuid = {DDFF938C-1D60-428E-9130-2A90ADE33D23}
	EndGlobalSection
EndGlobal
